
Microsoft Visual Studio Solution File, Format Version 12.00
# Visual Studio Version 16
VisualStudioVersion = 16.0.31205.134
MinimumVisualStudioVersion = 10.0.40219.1
Project("{9A19103F-16F7-4668-BE54-9A1E7A4F7556}") = "DliveryAPI.Application.WebApi", "src\DliveryAPI.Application.WebApi\DliveryAPI.Application.WebApi.csproj", "{22D19D0A-0823-4850-B658-49D502652C75}"
EndProject
Project("{FAE04EC0-301F-11D3-BF4B-00C04F79EFBC}") = "TddDliveryAPI", "TddDliveryAPI\TddDliveryAPI.csproj", "{59DF8923-68B2-40A4-B135-E21F9F63DBB3}"
EndProject
Global
	GlobalSection(SolutionConfigurationPlatforms) = preSolution
		Debug|Any CPU = Debug|Any CPU
		Release|Any CPU = Release|Any CPU
	EndGlobalSection
	GlobalSection(ProjectConfigurationPlatforms) = postSolution
		{22D19D0A-0823-4850-B658-49D502652C75}.Debug|Any CPU.ActiveCfg = Debug|Any CPU
		{22D19D0A-0823-4850-B658-49D502652C75}.Debug|Any CPU.Build.0 = Debug|Any CPU
		{22D19D0A-0823-4850-B658-49D502652C75}.Release|Any CPU.ActiveCfg = Release|Any CPU
		{22D19D0A-0823-4850-B658-49D502652C75}.Release|Any CPU.Build.0 = Release|Any CPU
		{59DF8923-68B2-40A4-B135-E21F9F63DBB3}.Debug|Any CPU.ActiveCfg = Debug|Any CPU
		{59DF8923-68B2-40A4-B135-E21F9F63DBB3}.Debug|Any CPU.Build.0 = Debug|Any CPU
		{59DF8923-68B2-40A4-B135-E21F9F63DBB3}.Release|Any CPU.ActiveCfg = Release|Any CPU
		{59DF8923-68B2-40A4-B135-E21F9F63DBB3}.Release|Any CPU.Build.0 = Release|Any CPU
	EndGlobalSection
	GlobalSection(SolutionProperties) = preSolution
		HideSolutionNode = FALSE
	EndGlobalSection
	GlobalSection(ExtensibilityGlobals) = postSolution
		SolutionGuid = {3ECD82F7-FB3D-49AA-9EB9-DEE7A5C82E75}
	EndGlobalSection
EndGlobal
